{
  "name": "palindrome",
  "version": "1.0.0",
  "lockfileVersion": 3,
  "requires": true,
  "packages": {
    "": {
      "name": "palindrome",
      "version": "1.0.0",
      "license": "MIT",
      "dependencies": {
        "palindrome": "file:"
      }
    },
    "node_modules/palindrome": {
      "resolved": "",
      "link": true
    }
  }
}
