
Microsoft Visual Studio Solution File, Format Version 12.00
# Visual Studio Version 17
VisualStudioVersion = 17.14.35906.104
MinimumVisualStudioVersion = 10.0.40219.1
Project("{FAE04EC0-301F-11D3-BF4B-00C04F79EFBC}") = "a1twopointers", "a1twopointers\CS\a1twopointers\a1twopointers.csproj", "{F8482D61-87BA-4509-B02F-91C2845D1F20}"
EndProject
Project("{FAE04EC0-301F-11D3-BF4B-00C04F79EFBC}") = "a1twopointers.Tests", "a1twopointers\CS\a1twopointers.Tests\a1twopointers.Tests.csproj", "{98F8F6EC-B306-4B47-AC8D-140B557B0082}"
EndProject
Global
	GlobalSection(SolutionConfigurationPlatforms) = preSolution
		Debug|Any CPU = Debug|Any CPU
		Release|Any CPU = Release|Any CPU
	EndGlobalSection
	GlobalSection(ProjectConfigurationPlatforms) = postSolution
		{F8482D61-87BA-4509-B02F-91C2845D1F20}.Debug|Any CPU.ActiveCfg = Debug|Any CPU
		{F8482D61-87BA-4509-B02F-91C2845D1F20}.Debug|Any CPU.Build.0 = Debug|Any CPU
		{F8482D61-87BA-4509-B02F-91C2845D1F20}.Release|Any CPU.ActiveCfg = Release|Any CPU
		{F8482D61-87BA-4509-B02F-91C2845D1F20}.Release|Any CPU.Build.0 = Release|Any CPU
		{98F8F6EC-B306-4B47-AC8D-140B557B0082}.Debug|Any CPU.ActiveCfg = Debug|Any CPU
		{98F8F6EC-B306-4B47-AC8D-140B557B0082}.Debug|Any CPU.Build.0 = Debug|Any CPU
		{98F8F6EC-B306-4B47-AC8D-140B557B0082}.Release|Any CPU.ActiveCfg = Release|Any CPU
		{98F8F6EC-B306-4B47-AC8D-140B557B0082}.Release|Any CPU.Build.0 = Release|Any CPU
	EndGlobalSection
	GlobalSection(SolutionProperties) = preSolution
		HideSolutionNode = FALSE
	EndGlobalSection
	GlobalSection(ExtensibilityGlobals) = postSolution
		SolutionGuid = {47557C97-D0D2-4A28-88DB-D17BAE2F1572}
	EndGlobalSection
EndGlobal
